// !$*UTF8*$!
{
	archiveVersion = 1;
	classes = {
	};
	objectVersion = 46;
	objects = {

/* Begin PBXBuildFile section */
		F9C804C21DB617F4001B5199 /* AppDelegate.swift in Sources */ = {isa = PBXBuildFile; fileRef = F9C804C11DB617F4001B5199 /* AppDelegate.swift */; };
		F9C804C41DB617F4001B5199 /* ViewController.swift in Sources */ = {isa = PBXBuildFile; fileRef = F9C804C31DB617F4001B5199 /* ViewController.swift */; };
		F9C804C71DB617F4001B5199 /* Main.storyboard in Resources */ = {isa = PBXBuildFile; fileRef = F9C804C51DB617F4001B5199 /* Main.storyboard */; };
		F9C804C91DB617F4001B5199 /* Assets.xcassets in Resources */ = {isa = PBXBuildFile; fileRef = F9C804C81DB617F4001B5199 /* Assets.xcassets */; };
		F9C804CC1DB617F4001B5199 /* LaunchScreen.storyboard in Resources */ = {isa = PBXBuildFile; fileRef = F9C804CA1DB617F4001B5199 /* LaunchScreen.storyboard */; };
/* End PBXBuildFile section */

/* Begin PBXFileReference section */
		F9C804BE1DB617F3001B5199 /* SOTimer.app */ = {isa = PBXFileReference; explicitFileType = wrapper.application; includeInIndex = 0; path = SOTimer.app; sourceTree = BUILT_PRODUCTS_DIR; };
		F9C804C11DB617F4001B5199 /* AppDelegate.swift */ = {isa = PBXFileReference; lastKnownFileType = sourcecode.swift; path = AppDelegate.swift; sourceTree = "<group>"; };
		F9C804C31DB617F4001B5199 /* ViewController.swift */ = {isa = PBXFileReference; lastKnownFileType = sourcecode.swift; path = ViewController.swift; sourceTree = "<group>"; };
		F9C804C61DB617F4001B5199 /* Base */ = {isa = PBXFileReference; lastKnownFileType = file.storyboard; name = Base; path = Base.lproj/Main.storyboard; sourceTree = "<group>"; };
		F9C804C81DB617F4001B5199 /* Assets.xcassets */ = {isa = PBXFileReference; lastKnownFileType = folder.assetcatalog; path = Assets.xcassets; sourceTree = "<group>"; };
		F9C804CB1DB617F4001B5199 /* Base */ = {isa = PBXFileReference; lastKnownFileType = file.storyboard; name = Base; path = Base.lproj/LaunchScreen.storyboard; sourceTree = "<group>"; };
		F9C804CD1DB617F4001B5199 /* Info.plist */ = {isa = PBXFileReference; lastKnownFileType = text.plist.xml; path = Info.plist; sourceTree = "<group>"; };
/* End PBXFileReference section */

/* Begin PBXFrameworksBuildPhase section */
		F9C804BB1DB617F3001B5199 /* Frameworks */ = {
			isa = PBXFrameworksBuildPhase;
			buildActionMask = 2147483647;
			files = (
			);
			runOnlyForDeploymentPostprocessing = 0;
		};
/* End PBXFrameworksBuildPhase section */

/* Begin PBXGroup section */
		F9C804B51DB617F3001B5199 = {
			isa = PBXGroup;
			children = (
				F9C804C01DB617F4001B5199 /* SOTimer */,
				F9C804BF1DB617F3001B5199 /* Products */,
			);
			sourceTree = "<group>";
		};
		F9C804BF1DB617F3001B5199 /* Products */ = {
			isa = PBXGroup;
			children = (
				F9C804BE1DB617F3001B5199 /* SOTimer.app */,
			);
			name = Products;
			sourceTree = "<group>";
		};
		F9C804C01DB617F4001B5199 /* SOTimer */ = {
			isa = PBXGroup;
			children = (
				F9C804C11DB617F4001B5199 /* AppDelegate.swift */,
				F9C804C31DB617F4001B5199 /* ViewController.swift */,
				F9C804C51DB617F4001B5199 /* Main.storyboard */,
				F9C804C81DB617F4001B5199 /* Assets.xcassets */,
				F9C804CA1DB617F4001B5199 /* LaunchScreen.storyboard */,
				F9C804CD1DB617F4001B5199 /* Info.plist */,
			);
			path = SOTimer;
			sourceTree = "<group>";
		};
/* End PBXGroup section */

/* Begin PBXNativeTarget section */
		F9C804BD1DB617F3001B5199 /* SOTimer */ = {
			isa = PBXNativeTarget;
			buildConfigurationList = F9C804D01DB617F4001B5199 /* Build configuration list for PBXNativeTarget "SOTimer" */;
			buildPhases = (
				F9C804BA1DB617F3001B5199 /* Sources */,
				F9C804BB1DB617F3001B5199 /* Frameworks */,
				F9C804BC1DB617F3001B5199 /* Resources */,
			);
			buildRules = (
			);
			dependencies = (
			);
			name = SOTimer;
			productName = SOTimer;
			productReference = F9C804BE1DB617F3001B5199 /* SOTimer.app */;
			productType = "com.apple.product-type.application";
		};
/* End PBXNativeTarget section */

/* Begin PBXProject section */
		F9C804B61DB617F3001B5199 /* Project object */ = {
			isa = PBXProject;
			attributes = {
				LastSwiftUpdateCheck = 0730;
				LastUpgradeCheck = 0730;
				ORGANIZATIONNAME = myCompany;
				TargetAttributes = {
					F9C804BD1DB617F3001B5199 = {
						CreatedOnToolsVersion = 7.3;
					};
				};
			};
			buildConfigurationList = F9C804B91DB617F3001B5199 /* Build configuration list for PBXProject "SOTimer" */;
			compatibilityVersion = "Xcode 3.2";
			developmentRegion = English;
			hasScannedForEncodings = 0;
			knownRegions = (
				en,
				Base,
			);
			mainGroup = F9C804B51DB617F3001B5199;
			productRefGroup = F9C804BF1DB617F3001B5199 /* Products */;
			projectDirPath = "";
			projectRoot = "";
			targets = (
				F9C804BD1DB617F3001B5199 /* SOTimer */,
			);
		};
/* End PBXProject section */

/* Begin PBXResourcesBuildPhase section */
		F9C804BC1DB617F3001B5199 /* Resources */ = {
			isa = PBXResourcesBuildPhase;
			buildActionMask = 2147483647;
			files = (
				F9C804CC1DB617F4001B5199 /* LaunchScreen.storyboard in Resources */,
				F9C804C91DB617F4001B5199 /* Assets.xcassets in Resources */,
				F9C804C71DB617F4001B5199 /* Main.storyboard in Resources */,
			);
			runOnlyForDeploymentPostprocessing = 0;
		};
/* End PBXResourcesBuildPhase section */

/* Begin PBXSourcesBuildPhase section */
		F9C804BA1DB617F3001B5199 /* Sources */ = {
			isa = PBXSourcesBuildPhase;
			buildActionMask = 2147483647;
			files = (
				F9C804C41DB617F4001B5199 /* ViewController.swift in Sources */,
				F9C804C21DB617F4001B5199 /* AppDelegate.swift in Sources */,
			);
			runOnlyForDeploymentPostprocessing = 0;
		};
/* End PBXSourcesBuildPhase section */

/* Begin PBXVariantGroup section */
		F9C804C51DB617F4001B5199 /* Main.storyboard */ = {
			isa = PBXVariantGroup;
			children = (
				F9C804C61DB617F4001B5199 /* Base */,
			);
			name = Main.storyboard;
			sourceTree = "<group>";
		};
		F9C804CA1DB617F4001B5199 /* LaunchScreen.storyboard */ = {
			isa = PBXVariantGroup;
			children = (
				F9C804CB1DB617F4001B5199 /* Base */,
			);
			name = LaunchScreen.storyboard;
			sourceTree = "<group>";
		};
/* End PBXVariantGroup section */

/* Begin XCBuildConfiguration section */
		F9C804CE1DB617F4001B5199 /* Debug */ = {
			isa = XCBuildConfiguration;
			buildSettings = {
				ALWAYS_SEARCH_USER_PATHS = NO;
				CLANG_ANALYZER_NONNULL = YES;
				CLANG_CXX_LANGUAGE_STANDARD = "gnu++0x";
				CLANG_CXX_LIBRARY = "libc++";
				CLANG_ENABLE_MODULES = YES;
				CLANG_ENABLE_OBJC_ARC = YES;
				CLANG_WARN_BOOL_CONVERSION = YES;
				CLANG_WARN_CONSTANT_CONVERSION = YES;
				CLANG_WARN_DIRECT_OBJC_ISA_USAGE = YES_ERROR;
				CLANG_WARN_EMPTY_BODY = YES;
				CLANG_WARN_ENUM_CONVERSION = YES;
				CLANG_WARN_INT_CONVERSION = YES;
				CLANG_WARN_OBJC_ROOT_CLASS = YES_ERROR;
				CLANG_WARN_UNREACHABLE_CODE = YES;
				CLANG_WARN__DUPLICATE_METHOD_MATCH = YES;
				"CODE_SIGN_IDENTITY[sdk=iphoneos*]" = "iPhone Developer";
				COPY_PHASE_STRIP = NO;
				DEBUG_INFORMATION_FORMAT = dwarf;
				ENABLE_STRICT_OBJC_MSGSEND = YES;
				ENABLE_TESTABILITY = YES;
				GCC_C_LANGUAGE_STANDARD = gnu99;
				GCC_DYNAMIC_NO_PIC = NO;
				GCC_NO_COMMON_BLOCKS = YES;
				GCC_OPTIMIZATION_LEVEL = 0;
				GCC_PREPROCESSOR_DEFINITIONS = (
					"DEBUG=1",
					"$(inherited)",
				);
				GCC_WARN_64_TO_32_BIT_CONVERSION = YES;
				GCC_WARN_ABOUT_RETURN_TYPE = YES_ERROR;
				GCC_WARN_UNDECLARED_SELECTOR = YES;
				GCC_WARN_UNINITIALIZED_AUTOS = YES_AGGRESSIVE;
				GCC_WARN_UNUSED_FUNCTION = YES;
				GCC_WARN_UNUSED_VARIABLE = YES;
				IPHONEOS_DEPLOYMENT_TARGET = 9.3;
				MTL_ENABLE_DEBUG_INFO = YES;
				ONLY_ACTIVE_ARCH = YES;
				SDKROOT = iphoneos;
				SWIFT_OPTIMIZATION_LEVEL = "-Onone";
			};
			name = Debug;
		};
		F9C804CF1DB617F4001B5199 /* Release */ = {
			isa = XCBuildConfiguration;
			buildSettings = {
				ALWAYS_SEARCH_USER_PATHS = NO;
				CLANG_ANALYZER_NONNULL = YES;
				CLANG_CXX_LANGUAGE_STANDARD = "gnu++0x";
				CLANG_CXX_LIBRARY = "libc++";
				CLANG_ENABLE_MODULES = YES;
				CLANG_ENABLE_OBJC_ARC = YES;
				CLANG_WARN_BOOL_CONVERSION = YES;
				CLANG_WARN_CONSTANT_CONVERSION = YES;
				CLANG_WARN_DIRECT_OBJC_ISA_USAGE = YES_ERROR;
				CLANG_WARN_EMPTY_BODY = YES;
				CLANG_WARN_ENUM_CONVERSION = YES;
				CLANG_WARN_INT_CONVERSION = YES;
				CLANG_WARN_OBJC_ROOT_CLASS = YES_ERROR;
				CLANG_WARN_UNREACHABLE_CODE = YES;
				CLANG_WARN__DUPLICATE_METHOD_MATCH = YES;
				"CODE_SIGN_IDENTITY[sdk=iphoneos*]" = "iPhone Developer";
				COPY_PHASE_STRIP = NO;
				DEBUG_INFORMATION_FORMAT = "dwarf-with-dsym";
				ENABLE_NS_ASSERTIONS = NO;
				ENABLE_STRICT_OBJC_MSGSEND = YES;
				GCC_C_LANGUAGE_STANDARD = gnu99;
				GCC_NO_COMMON_BLOCKS = YES;
				GCC_WARN_64_TO_32_BIT_CONVERSION = YES;
				GCC_WARN_ABOUT_RETURN_TYPE = YES_ERROR;
				GCC_WARN_UNDECLARED_SELECTOR = YES;
				GCC_WARN_UNINITIALIZED_AUTOS = YES_AGGRESSIVE;
				GCC_WARN_UNUSED_FUNCTION = YES;
				GCC_WARN_UNUSED_VARIABLE = YES;
				IPHONEOS_DEPLOYMENT_TARGET = 9.3;
				MTL_ENABLE_DEBUG_INFO = NO;
				SDKROOT = iphoneos;
				VALIDATE_PRODUCT = YES;
			};
			name = Release;
		};
		F9C804D11DB617F4001B5199 /* Debug */ = {
			isa = XCBuildConfiguration;
			buildSettings = {
				ASSETCATALOG_COMPILER_APPICON_NAME = AppIcon;
				INFOPLIST_FILE = SOTimer/Info.plist;
				LD_RUNPATH_SEARCH_PATHS = "$(inherited) @executable_path/Frameworks";
				PRODUCT_BUNDLE_IDENTIFIER = com.extention.SOTimer;
				PRODUCT_NAME = "$(TARGET_NAME)";
			};
			name = Debug;
		};
		F9C804D21DB617F4001B5199 /* Release */ = {
			isa = XCBuildConfiguration;
			buildSettings = {
				ASSETCATALOG_COMPILER_APPICON_NAME = AppIcon;
				INFOPLIST_FILE = SOTimer/Info.plist;
				LD_RUNPATH_SEARCH_PATHS = "$(inherited) @executable_path/Frameworks";
				PRODUCT_BUNDLE_IDENTIFIER = com.extention.SOTimer;
				PRODUCT_NAME = "$(TARGET_NAME)";
			};
			name = Release;
		};
/* End XCBuildConfiguration section */

/* Begin XCConfigurationList section */
		F9C804B91DB617F3001B5199 /* Build configuration list for PBXProject "SOTimer" */ = {
			isa = XCConfigurationList;
			buildConfigurations = (
				F9C804CE1DB617F4001B5199 /* Debug */,
				F9C804CF1DB617F4001B5199 /* Release */,
			);
			defaultConfigurationIsVisible = 0;
			defaultConfigurationName = Release;
		};
		F9C804D01DB617F4001B5199 /* Build configuration list for PBXNativeTarget "SOTimer" */ = {
			isa = XCConfigurationList;
			buildConfigurations = (
				F9C804D11DB617F4001B5199 /* Debug */,
				F9C804D21DB617F4001B5199 /* Release */,
			);
			defaultConfigurationIsVisible = 0;
		};
/* End XCConfigurationList section */
	};
	rootObject = F9C804B61DB617F3001B5199 /* Project object */;
}
